// !$*UTF8*$!
{
	archiveVersion = 1;
	classes = {
	};
	objectVersion = 55;
	objects = {

/* Begin PBXBuildFile section */
		E1A0F5ED287AE21C0036906C /* Main.storyboard in Resources */ = {isa = PBXBuildFile; fileRef = E1B76C4A287A30F4000FE420 /* Main.storyboard */; };
		E1A0F5EF287AFE890036906C /* landmarkData.json in Resources */ = {isa = PBXBuildFile; fileRef = E1A0F5EE287AFE890036906C /* landmarkData.json */; };
		E1A0F5F1287B071F0036906C /* ModelData.swift in Sources */ = {isa = PBXBuildFile; fileRef = E1A0F5F0287B071F0036906C /* ModelData.swift */; };
		E1A0F5F3287B072C0036906C /* Landmark.swift in Sources */ = {isa = PBXBuildFile; fileRef = E1A0F5F2287B072C0036906C /* Landmark.swift */; };
		E1A0F5F5287B07D80036906C /* LandmarkRowView.swift in Sources */ = {isa = PBXBuildFile; fileRef = E1A0F5F4287B07D80036906C /* LandmarkRowView.swift */; };
		E1A0F5F7287B09FC0036906C /* LandMarkListView.swift in Sources */ = {isa = PBXBuildFile; fileRef = E1A0F5F6287B09FC0036906C /* LandMarkListView.swift */; };
		E1A0F5F9287B0B890036906C /* LandMarkDetailsView.swift in Sources */ = {isa = PBXBuildFile; fileRef = E1A0F5F8287B0B890036906C /* LandMarkDetailsView.swift */; };
		E1A3A6FA287A10B3003D3653 /* Assets.xcassets in Resources */ = {isa = PBXBuildFile; fileRef = E1A3A6F9287A10B3003D3653 /* Assets.xcassets */; };
		E1A3A6FD287A10B3003D3653 /* LaunchScreen.storyboard in Resources */ = {isa = PBXBuildFile; fileRef = E1A3A6FB287A10B3003D3653 /* LaunchScreen.storyboard */; };
		E1A3A708287A10B3003D3653 /* ShoopMVVMTests.swift in Sources */ = {isa = PBXBuildFile; fileRef = E1A3A707287A10B3003D3653 /* ShoopMVVMTests.swift */; };
		E1A3A712287A10B4003D3653 /* ShoopMVVMUITests.swift in Sources */ = {isa = PBXBuildFile; fileRef = E1A3A711287A10B4003D3653 /* ShoopMVVMUITests.swift */; };
		E1A3A714287A10B4003D3653 /* ShoopMVVMUITestsLaunchTests.swift in Sources */ = {isa = PBXBuildFile; fileRef = E1A3A713287A10B4003D3653 /* ShoopMVVMUITestsLaunchTests.swift */; };
		E1A3A74F287A1160003D3653 /* AppFlowCoordinator.swift in Sources */ = {isa = PBXBuildFile; fileRef = E1A3A73F287A1160003D3653 /* AppFlowCoordinator.swift */; };
		E1A3A750287A1160003D3653 /* AppAppearance.swift in Sources */ = {isa = PBXBuildFile; fileRef = E1A3A740287A1160003D3653 /* AppAppearance.swift */; };
		E1A3A751287A1160003D3653 /* AppConfigurations.swift in Sources */ = {isa = PBXBuildFile; fileRef = E1A3A741287A1160003D3653 /* AppConfigurations.swift */; };
		E1A3A752287A1160003D3653 /* MoviesSceneDIContainer.swift in Sources */ = {isa = PBXBuildFile; fileRef = E1A3A743287A1160003D3653 /* MoviesSceneDIContainer.swift */; };
		E1A3A753287A1160003D3653 /* AppDIContainer.swift in Sources */ = {isa = PBXBuildFile; fileRef = E1A3A744287A1160003D3653 /* AppDIContainer.swift */; };
		E1A3A754287A1160003D3653 /* AppDelegate.swift in Sources */ = {isa = PBXBuildFile; fileRef = E1A3A745287A1160003D3653 /* AppDelegate.swift */; };
		E1A3A755287A1160003D3653 /* Cancelable.swift in Sources */ = {isa = PBXBuildFile; fileRef = E1A3A747287A1160003D3653 /* Cancelable.swift */; };
		E1A3A756287A1160003D3653 /* ConnectionError.swift in Sources */ = {isa = PBXBuildFile; fileRef = E1A3A748287A1160003D3653 /* ConnectionError.swift */; };
		E1A3A757287A1160003D3653 /* DataTransferService.swift in Sources */ = {isa = PBXBuildFile; fileRef = E1A3A74B287A1160003D3653 /* DataTransferService.swift */; };
		E1A3A758287A1160003D3653 /* NetworkService.swift in Sources */ = {isa = PBXBuildFile; fileRef = E1A3A74C287A1160003D3653 /* NetworkService.swift */; };
		E1A3A759287A1160003D3653 /* Endpoint.swift in Sources */ = {isa = PBXBuildFile; fileRef = E1A3A74D287A1160003D3653 /* Endpoint.swift */; };
		E1A3A75A287A1160003D3653 /* NetworkConfig.swift in Sources */ = {isa = PBXBuildFile; fileRef = E1A3A74E287A1160003D3653 /* NetworkConfig.swift */; };
		E1A3A76B287A138A003D3653 /* AccessibilityIdentifier.swift in Sources */ = {isa = PBXBuildFile; fileRef = E1A3A75C287A138A003D3653 /* AccessibilityIdentifier.swift */; };
		E1A3A76C287A138A003D3653 /* CGSize+ScaledSize.swift in Sources */ = {isa = PBXBuildFile; fileRef = E1A3A75E287A138A003D3653 /* CGSize+ScaledSize.swift */; };
		E1A3A76D287A138A003D3653 /* UIViewController+AddChild.swift in Sources */ = {isa = PBXBuildFile; fileRef = E1A3A75F287A138A003D3653 /* UIViewController+AddChild.swift */; };
		E1A3A76E287A138A003D3653 /* DataTransferError+ConnectionError.swift in Sources */ = {isa = PBXBuildFile; fileRef = E1A3A760287A138A003D3653 /* DataTransferError+ConnectionError.swift */; };
		E1A3A76F287A138A003D3653 /* UIViewController+AddBehaviors.swift in Sources */ = {isa = PBXBuildFile; fileRef = E1A3A761287A138A003D3653 /* UIViewController+AddBehaviors.swift */; };
		E1A3A770287A138A003D3653 /* UIViewController+ActivityIndicator.swift in Sources */ = {isa = PBXBuildFile; fileRef = E1A3A762287A138A003D3653 /* UIViewController+ActivityIndicator.swift */; };
		E1A3A771287A138A003D3653 /* UIImageView+ImageSizeAfterAspectFit.swift in Sources */ = {isa = PBXBuildFile; fileRef = E1A3A763287A138A003D3653 /* UIImageView+ImageSizeAfterAspectFit.swift */; };
		E1A3A772287A138A003D3653 /* Observable.swift in Sources */ = {isa = PBXBuildFile; fileRef = E1A3A764287A138A003D3653 /* Observable.swift */; };
		E1A3A773287A138A003D3653 /* Alertable.swift in Sources */ = {isa = PBXBuildFile; fileRef = E1A3A766287A138A003D3653 /* Alertable.swift */; };
		E1A3A774287A138A003D3653 /* StoryboardInstantiable.swift in Sources */ = {isa = PBXBuildFile; fileRef = E1A3A767287A138A003D3653 /* StoryboardInstantiable.swift */; };
		E1A3A775287A138A003D3653 /* LoadingView.swift in Sources */ = {isa = PBXBuildFile; fileRef = E1A3A768287A138A003D3653 /* LoadingView.swift */; };
		E1A3A776287A138A003D3653 /* UseCase.swift in Sources */ = {isa = PBXBuildFile; fileRef = E1A3A769287A138A003D3653 /* UseCase.swift */; };
		E1A3A777287A138A003D3653 /* RepositoryTask.swift in Sources */ = {isa = PBXBuildFile; fileRef = E1A3A76A287A138A003D3653 /* RepositoryTask.swift */; };
		E1A3A780287A2054003D3653 /* LoginView.swift in Sources */ = {isa = PBXBuildFile; fileRef = E1A3A77F287A2054003D3653 /* LoginView.swift */; };
		E1A3A782287A20AE003D3653 /* LoginSceneDIContainer.swift in Sources */ = {isa = PBXBuildFile; fileRef = E1A3A781287A20AE003D3653 /* LoginSceneDIContainer.swift */; };
		E1A3A786287A2174003D3653 /* LoginFlowCoordinator.swift in Sources */ = {isa = PBXBuildFile; fileRef = E1A3A785287A2174003D3653 /* LoginFlowCoordinator.swift */; };
		E1B76C45287A2E36000FE420 /* SceneDelegate.swift in Sources */ = {isa = PBXBuildFile; fileRef = E1B76C44287A2E36000FE420 /* SceneDelegate.swift */; };
		E1B76C47287A30ED000FE420 /* ViewController.swift in Sources */ = {isa = PBXBuildFile; fileRef = E1B76C46287A30ED000FE420 /* ViewController.swift */; };
/* End PBXBuildFile section */

/* Begin PBXContainerItemProxy section */
		E1A3A704287A10B3003D3653 /* PBXContainerItemProxy */ = {
			isa = PBXContainerItemProxy;
			containerPortal = E1A3A6E5287A10B1003D3653 /* Project object */;
			proxyType = 1;
			remoteGlobalIDString = E1A3A6EC287A10B1003D3653;
			remoteInfo = ShoopMVVM;
		};
		E1A3A70E287A10B4003D3653 /* PBXContainerItemProxy */ = {
			isa = PBXContainerItemProxy;
			containerPortal = E1A3A6E5287A10B1003D3653 /* Project object */;
			proxyType = 1;
			remoteGlobalIDString = E1A3A6EC287A10B1003D3653;
			remoteInfo = ShoopMVVM;
		};
/* End PBXContainerItemProxy section */

/* Begin PBXFileReference section */
		E1A0F5EE287AFE890036906C /* landmarkData.json */ = {isa = PBXFileReference; fileEncoding = 4; lastKnownFileType = text.json; path = landmarkData.json; sourceTree = "<group>"; };
		E1A0F5F0287B071F0036906C /* ModelData.swift */ = {isa = PBXFileReference; fileEncoding = 4; lastKnownFileType = sourcecode.swift; path = ModelData.swift; sourceTree = "<group>"; };
		E1A0F5F2287B072C0036906C /* Landmark.swift */ = {isa = PBXFileReference; fileEncoding = 4; lastKnownFileType = sourcecode.swift; path = Landmark.swift; sourceTree = "<group>"; };
		E1A0F5F4287B07D80036906C /* LandmarkRowView.swift */ = {isa = PBXFileReference; lastKnownFileType = sourcecode.swift; path = LandmarkRowView.swift; sourceTree = "<group>"; };
		E1A0F5F6287B09FC0036906C /* LandMarkListView.swift */ = {isa = PBXFileReference; lastKnownFileType = sourcecode.swift; path = LandMarkListView.swift; sourceTree = "<group>"; };
		E1A0F5F8287B0B890036906C /* LandMarkDetailsView.swift */ = {isa = PBXFileReference; lastKnownFileType = sourcecode.swift; path = LandMarkDetailsView.swift; sourceTree = "<group>"; };
		E1A3A6ED287A10B1003D3653 /* ShoopMVVM.app */ = {isa = PBXFileReference; explicitFileType = wrapper.application; includeInIndex = 0; path = ShoopMVVM.app; sourceTree = BUILT_PRODUCTS_DIR; };
		E1A3A6F9287A10B3003D3653 /* Assets.xcassets */ = {isa = PBXFileReference; lastKnownFileType = folder.assetcatalog; path = Assets.xcassets; sourceTree = "<group>"; };
		E1A3A6FC287A10B3003D3653 /* Base */ = {isa = PBXFileReference; lastKnownFileType = file.storyboard; name = Base; path = Base.lproj/LaunchScreen.storyboard; sourceTree = "<group>"; };
		E1A3A6FE287A10B3003D3653 /* Info.plist */ = {isa = PBXFileReference; lastKnownFileType = text.plist.xml; path = Info.plist; sourceTree = "<group>"; };
		E1A3A703287A10B3003D3653 /* ShoopMVVMTests.xctest */ = {isa = PBXFileReference; explicitFileType = wrapper.cfbundle; includeInIndex = 0; path = ShoopMVVMTests.xctest; sourceTree = BUILT_PRODUCTS_DIR; };
		E1A3A707287A10B3003D3653 /* ShoopMVVMTests.swift */ = {isa = PBXFileReference; lastKnownFileType = sourcecode.swift; path = ShoopMVVMTests.swift; sourceTree = "<group>"; };
		E1A3A70D287A10B4003D3653 /* ShoopMVVMUITests.xctest */ = {isa = PBXFileReference; explicitFileType = wrapper.cfbundle; includeInIndex = 0; path = ShoopMVVMUITests.xctest; sourceTree = BUILT_PRODUCTS_DIR; };
		E1A3A711287A10B4003D3653 /* ShoopMVVMUITests.swift */ = {isa = PBXFileReference; lastKnownFileType = sourcecode.swift; path = ShoopMVVMUITests.swift; sourceTree = "<group>"; };
		E1A3A713287A10B4003D3653 /* ShoopMVVMUITestsLaunchTests.swift */ = {isa = PBXFileReference; lastKnownFileType = sourcecode.swift; path = ShoopMVVMUITestsLaunchTests.swift; sourceTree = "<group>"; };
		E1A3A73F287A1160003D3653 /* AppFlowCoordinator.swift */ = {isa = PBXFileReference; fileEncoding = 4; lastKnownFileType = sourcecode.swift; path = AppFlowCoordinator.swift; sourceTree = "<group>"; };
		E1A3A740287A1160003D3653 /* AppAppearance.swift */ = {isa = PBXFileReference; fileEncoding = 4; lastKnownFileType = sourcecode.swift; path = AppAppearance.swift; sourceTree = "<group>"; };
		E1A3A741287A1160003D3653 /* AppConfigurations.swift */ = {isa = PBXFileReference; fileEncoding = 4; lastKnownFileType = sourcecode.swift; path = AppConfigurations.swift; sourceTree = "<group>"; };
		E1A3A743287A1160003D3653 /* MoviesSceneDIContainer.swift */ = {isa = PBXFileReference; fileEncoding = 4; lastKnownFileType = sourcecode.swift; path = MoviesSceneDIContainer.swift; sourceTree = "<group>"; };
		E1A3A744287A1160003D3653 /* AppDIContainer.swift */ = {isa = PBXFileReference; fileEncoding = 4; lastKnownFileType = sourcecode.swift; path = AppDIContainer.swift; sourceTree = "<group>"; };
		E1A3A745287A1160003D3653 /* AppDelegate.swift */ = {isa = PBXFileReference; fileEncoding = 4; lastKnownFileType = sourcecode.swift; path = AppDelegate.swift; sourceTree = "<group>"; };
		E1A3A747287A1160003D3653 /* Cancelable.swift */ = {isa = PBXFileReference; fileEncoding = 4; lastKnownFileType = sourcecode.swift; path = Cancelable.swift; sourceTree = "<group>"; };
		E1A3A748287A1160003D3653 /* ConnectionError.swift */ = {isa = PBXFileReference; fileEncoding = 4; lastKnownFileType = sourcecode.swift; path = ConnectionError.swift; sourceTree = "<group>"; };
		E1A3A74B287A1160003D3653 /* DataTransferService.swift */ = {isa = PBXFileReference; fileEncoding = 4; lastKnownFileType = sourcecode.swift; path = DataTransferService.swift; sourceTree = "<group>"; };
		E1A3A74C287A1160003D3653 /* NetworkService.swift */ = {isa = PBXFileReference; fileEncoding = 4; lastKnownFileType = sourcecode.swift; path = NetworkService.swift; sourceTree = "<group>"; };
		E1A3A74D287A1160003D3653 /* Endpoint.swift */ = {isa = PBXFileReference; fileEncoding = 4; lastKnownFileType = sourcecode.swift; path = Endpoint.swift; sourceTree = "<group>"; };
		E1A3A74E287A1160003D3653 /* NetworkConfig.swift */ = {isa = PBXFileReference; fileEncoding = 4; lastKnownFileType = sourcecode.swift; path = NetworkConfig.swift; sourceTree = "<group>"; };
		E1A3A75C287A138A003D3653 /* AccessibilityIdentifier.swift */ = {isa = PBXFileReference; fileEncoding = 4; lastKnownFileType = sourcecode.swift; path = AccessibilityIdentifier.swift; sourceTree = "<group>"; };
		E1A3A75E287A138A003D3653 /* CGSize+ScaledSize.swift */ = {isa = PBXFileReference; fileEncoding = 4; lastKnownFileType = sourcecode.swift; path = "CGSize+ScaledSize.swift"; sourceTree = "<group>"; };
		E1A3A75F287A138A003D3653 /* UIViewController+AddChild.swift */ = {isa = PBXFileReference; fileEncoding = 4; lastKnownFileType = sourcecode.swift; path = "UIViewController+AddChild.swift"; sourceTree = "<group>"; };
		E1A3A760287A138A003D3653 /* DataTransferError+ConnectionError.swift */ = {isa = PBXFileReference; fileEncoding = 4; lastKnownFileType = sourcecode.swift; path = "DataTransferError+ConnectionError.swift"; sourceTree = "<group>"; };
		E1A3A761287A138A003D3653 /* UIViewController+AddBehaviors.swift */ = {isa = PBXFileReference; fileEncoding = 4; lastKnownFileType = sourcecode.swift; path = "UIViewController+AddBehaviors.swift"; sourceTree = "<group>"; };
		E1A3A762287A138A003D3653 /* UIViewController+ActivityIndicator.swift */ = {isa = PBXFileReference; fileEncoding = 4; lastKnownFileType = sourcecode.swift; path = "UIViewController+ActivityIndicator.swift"; sourceTree = "<group>"; };
		E1A3A763287A138A003D3653 /* UIImageView+ImageSizeAfterAspectFit.swift */ = {isa = PBXFileReference; fileEncoding = 4; lastKnownFileType = sourcecode.swift; path = "UIImageView+ImageSizeAfterAspectFit.swift"; sourceTree = "<group>"; };
		E1A3A764287A138A003D3653 /* Observable.swift */ = {isa = PBXFileReference; fileEncoding = 4; lastKnownFileType = sourcecode.swift; path = Observable.swift; sourceTree = "<group>"; };
		E1A3A766287A138A003D3653 /* Alertable.swift */ = {isa = PBXFileReference; fileEncoding = 4; lastKnownFileType = sourcecode.swift; path = Alertable.swift; sourceTree = "<group>"; };
		E1A3A767287A138A003D3653 /* StoryboardInstantiable.swift */ = {isa = PBXFileReference; fileEncoding = 4; lastKnownFileType = sourcecode.swift; path = StoryboardInstantiable.swift; sourceTree = "<group>"; };
		E1A3A768287A138A003D3653 /* LoadingView.swift */ = {isa = PBXFileReference; fileEncoding = 4; lastKnownFileType = sourcecode.swift; path = LoadingView.swift; sourceTree = "<group>"; };
		E1A3A769287A138A003D3653 /* UseCase.swift */ = {isa = PBXFileReference; fileEncoding = 4; lastKnownFileType = sourcecode.swift; path = UseCase.swift; sourceTree = "<group>"; };
		E1A3A76A287A138A003D3653 /* RepositoryTask.swift */ = {isa = PBXFileReference; fileEncoding = 4; lastKnownFileType = sourcecode.swift; path = RepositoryTask.swift; sourceTree = "<group>"; };
		E1A3A77F287A2054003D3653 /* LoginView.swift */ = {isa = PBXFileReference; lastKnownFileType = sourcecode.swift; path = LoginView.swift; sourceTree = "<group>"; };
		E1A3A781287A20AE003D3653 /* LoginSceneDIContainer.swift */ = {isa = PBXFileReference; lastKnownFileType = sourcecode.swift; path = LoginSceneDIContainer.swift; sourceTree = "<group>"; };
		E1A3A785287A2174003D3653 /* LoginFlowCoordinator.swift */ = {isa = PBXFileReference; lastKnownFileType = sourcecode.swift; path = LoginFlowCoordinator.swift; sourceTree = "<group>"; };
		E1B76C44287A2E36000FE420 /* SceneDelegate.swift */ = {isa = PBXFileReference; fileEncoding = 4; lastKnownFileType = sourcecode.swift; path = SceneDelegate.swift; sourceTree = "<group>"; };
		E1B76C46287A30ED000FE420 /* ViewController.swift */ = {isa = PBXFileReference; fileEncoding = 4; lastKnownFileType = sourcecode.swift; name = ViewController.swift; path = ShoopMVVM/ViewController.swift; sourceTree = SOURCE_ROOT; };
		E1B76C4A287A30F4000FE420 /* Main.storyboard */ = {isa = PBXFileReference; lastKnownFileType = file.storyboard; path = Main.storyboard; sourceTree = "<group>"; };
/* End PBXFileReference section */

/* Begin PBXFrameworksBuildPhase section */
		E1A3A6EA287A10B1003D3653 /* Frameworks */ = {
			isa = PBXFrameworksBuildPhase;
			buildActionMask = 2147483647;
			files = (
			);
			runOnlyForDeploymentPostprocessing = 0;
		};
		E1A3A700287A10B3003D3653 /* Frameworks */ = {
			isa = PBXFrameworksBuildPhase;
			buildActionMask = 2147483647;
			files = (
			);
			runOnlyForDeploymentPostprocessing = 0;
		};
		E1A3A70A287A10B4003D3653 /* Frameworks */ = {
			isa = PBXFrameworksBuildPhase;
			buildActionMask = 2147483647;
			files = (
			);
			runOnlyForDeploymentPostprocessing = 0;
		};
/* End PBXFrameworksBuildPhase section */

/* Begin PBXGroup section */
		E1A3A6E4287A10B1003D3653 = {
			isa = PBXGroup;
			children = (
				E1A3A6EF287A10B1003D3653 /* ShoopMVVM */,
				E1A3A706287A10B3003D3653 /* ShoopMVVMTests */,
				E1A3A710287A10B4003D3653 /* ShoopMVVMUITests */,
				E1A3A6EE287A10B1003D3653 /* Products */,
			);
			sourceTree = "<group>";
		};
		E1A3A6EE287A10B1003D3653 /* Products */ = {
			isa = PBXGroup;
			children = (
				E1A3A6ED287A10B1003D3653 /* ShoopMVVM.app */,
				E1A3A703287A10B3003D3653 /* ShoopMVVMTests.xctest */,
				E1A3A70D287A10B4003D3653 /* ShoopMVVMUITests.xctest */,
			);
			name = Products;
			sourceTree = "<group>";
		};
		E1A3A6EF287A10B1003D3653 /* ShoopMVVM */ = {
			isa = PBXGroup;
			children = (
				E1A3A778287A19B1003D3653 /* Features */,
				E1A3A73E287A1160003D3653 /* Application */,
				E1A3A746287A1160003D3653 /* Common */,
				E1A3A749287A1160003D3653 /* Infrastructure */,
				E1A3A720287A10C1003D3653 /* Resources */,
			);
			path = ShoopMVVM;
			sourceTree = "<group>";
		};
		E1A3A706287A10B3003D3653 /* ShoopMVVMTests */ = {
			isa = PBXGroup;
			children = (
				E1A3A707287A10B3003D3653 /* ShoopMVVMTests.swift */,
			);
			path = ShoopMVVMTests;
			sourceTree = "<group>";
		};
		E1A3A710287A10B4003D3653 /* ShoopMVVMUITests */ = {
			isa = PBXGroup;
			children = (
				E1A3A711287A10B4003D3653 /* ShoopMVVMUITests.swift */,
				E1A3A713287A10B4003D3653 /* ShoopMVVMUITestsLaunchTests.swift */,
			);
			path = ShoopMVVMUITests;
			sourceTree = "<group>";
		};
		E1A3A720287A10C1003D3653 /* Resources */ = {
			isa = PBXGroup;
			children = (
				E1A0F5EE287AFE890036906C /* landmarkData.json */,
				E1B76C44287A2E36000FE420 /* SceneDelegate.swift */,
				E1A3A6FE287A10B3003D3653 /* Info.plist */,
				E1A3A6FB287A10B3003D3653 /* LaunchScreen.storyboard */,
				E1A3A6F9287A10B3003D3653 /* Assets.xcassets */,
				E1B76C46287A30ED000FE420 /* ViewController.swift */,
				E1B76C4A287A30F4000FE420 /* Main.storyboard */,
			);
			path = Resources;
			sourceTree = "<group>";
		};
		E1A3A73E287A1160003D3653 /* Application */ = {
			isa = PBXGroup;
			children = (
				E1A3A73F287A1160003D3653 /* AppFlowCoordinator.swift */,
				E1A3A740287A1160003D3653 /* AppAppearance.swift */,
				E1A3A741287A1160003D3653 /* AppConfigurations.swift */,
				E1A3A742287A1160003D3653 /* DIContainer */,
				E1A3A745287A1160003D3653 /* AppDelegate.swift */,
			);
			path = Application;
			sourceTree = SOURCE_ROOT;
		};
		E1A3A742287A1160003D3653 /* DIContainer */ = {
			isa = PBXGroup;
			children = (
				E1A3A743287A1160003D3653 /* MoviesSceneDIContainer.swift */,
				E1A3A744287A1160003D3653 /* AppDIContainer.swift */,
			);
			path = DIContainer;
			sourceTree = "<group>";
		};
		E1A3A746287A1160003D3653 /* Common */ = {
			isa = PBXGroup;
			children = (
				E1A3A75B287A138A003D3653 /* Utils */,
				E1A3A76A287A138A003D3653 /* RepositoryTask.swift */,
				E1A3A769287A138A003D3653 /* UseCase.swift */,
				E1A3A747287A1160003D3653 /* Cancelable.swift */,
				E1A3A748287A1160003D3653 /* ConnectionError.swift */,
			);
			path = Common;
			sourceTree = SOURCE_ROOT;
		};
		E1A3A749287A1160003D3653 /* Infrastructure */ = {
			isa = PBXGroup;
			children = (
				E1A3A74A287A1160003D3653 /* Network */,
			);
			path = Infrastructure;
			sourceTree = SOURCE_ROOT;
		};
		E1A3A74A287A1160003D3653 /* Network */ = {
			isa = PBXGroup;
			children = (
				E1A3A74B287A1160003D3653 /* DataTransferService.swift */,
				E1A3A74C287A1160003D3653 /* NetworkService.swift */,
				E1A3A74D287A1160003D3653 /* Endpoint.swift */,
				E1A3A74E287A1160003D3653 /* NetworkConfig.swift */,
			);
			path = Network;
			sourceTree = "<group>";
		};
		E1A3A75B287A138A003D3653 /* Utils */ = {
			isa = PBXGroup;
			children = (
				E1A3A75C287A138A003D3653 /* AccessibilityIdentifier.swift */,
				E1A3A75D287A138A003D3653 /* Extensions */,
				E1A3A764287A138A003D3653 /* Observable.swift */,
				E1A3A765287A138A003D3653 /* Protocols */,
				E1A3A768287A138A003D3653 /* LoadingView.swift */,
			);
			path = Utils;
			sourceTree = "<group>";
		};
		E1A3A75D287A138A003D3653 /* Extensions */ = {
			isa = PBXGroup;
			children = (
				E1A3A75E287A138A003D3653 /* CGSize+ScaledSize.swift */,
				E1A3A75F287A138A003D3653 /* UIViewController+AddChild.swift */,
				E1A3A760287A138A003D3653 /* DataTransferError+ConnectionError.swift */,
				E1A3A761287A138A003D3653 /* UIViewController+AddBehaviors.swift */,
				E1A3A762287A138A003D3653 /* UIViewController+ActivityIndicator.swift */,
				E1A3A763287A138A003D3653 /* UIImageView+ImageSizeAfterAspectFit.swift */,
			);
			path = Extensions;
			sourceTree = "<group>";
		};
		E1A3A765287A138A003D3653 /* Protocols */ = {
			isa = PBXGroup;
			children = (
				E1A3A766287A138A003D3653 /* Alertable.swift */,
				E1A3A767287A138A003D3653 /* StoryboardInstantiable.swift */,
			);
			path = Protocols;
			sourceTree = "<group>";
		};
		E1A3A778287A19B1003D3653 /* Features */ = {
			isa = PBXGroup;
			children = (
				E1A3A779287A19C3003D3653 /* Login */,
			);
			path = Features;
			sourceTree = "<group>";
		};
		E1A3A779287A19C3003D3653 /* Login */ = {
			isa = PBXGroup;
			children = (
				E1A3A77C287A19E2003D3653 /* Presentation */,
				E1A3A77B287A19DA003D3653 /* Domain */,
				E1A3A77A287A19D4003D3653 /* Data */,
			);
			path = Login;
			sourceTree = "<group>";
		};
		E1A3A77A287A19D4003D3653 /* Data */ = {
			isa = PBXGroup;
			children = (
				E1A0F5F2287B072C0036906C /* Landmark.swift */,
				E1A0F5F0287B071F0036906C /* ModelData.swift */,
			);
			path = Data;
			sourceTree = "<group>";
		};
		E1A3A77B287A19DA003D3653 /* Domain */ = {
			isa = PBXGroup;
			children = (
			);
			path = Domain;
			sourceTree = "<group>";
		};
		E1A3A77C287A19E2003D3653 /* Presentation */ = {
			isa = PBXGroup;
			children = (
				E1A3A787287A2186003D3653 /* DiContainer */,
				E1A3A783287A2143003D3653 /* LoginFlow */,
				E1A3A77E287A2032003D3653 /* ViewModel */,
				E1A3A77D287A202B003D3653 /* View */,
			);
			path = Presentation;
			sourceTree = "<group>";
		};
		E1A3A77D287A202B003D3653 /* View */ = {
			isa = PBXGroup;
			children = (
				E1A3A77F287A2054003D3653 /* LoginView.swift */,
				E1A0F5F4287B07D80036906C /* LandmarkRowView.swift */,
				E1A0F5F6287B09FC0036906C /* LandMarkListView.swift */,
				E1A0F5F8287B0B890036906C /* LandMarkDetailsView.swift */,
			);
			path = View;
			sourceTree = "<group>";
		};
		E1A3A77E287A2032003D3653 /* ViewModel */ = {
			isa = PBXGroup;
			children = (
			);
			path = ViewModel;
			sourceTree = "<group>";
		};
		E1A3A783287A2143003D3653 /* LoginFlow */ = {
			isa = PBXGroup;
			children = (
				E1A3A785287A2174003D3653 /* LoginFlowCoordinator.swift */,
			);
			path = LoginFlow;
			sourceTree = "<group>";
		};
		E1A3A787287A2186003D3653 /* DiContainer */ = {
			isa = PBXGroup;
			children = (
				E1A3A781287A20AE003D3653 /* LoginSceneDIContainer.swift */,
			);
			path = DiContainer;
			sourceTree = "<group>";
		};
/* End PBXGroup section */

/* Begin PBXNativeTarget section */
		E1A3A6EC287A10B1003D3653 /* ShoopMVVM */ = {
			isa = PBXNativeTarget;
			buildConfigurationList = E1A3A717287A10B4003D3653 /* Build configuration list for PBXNativeTarget "ShoopMVVM" */;
			buildPhases = (
				E1A3A6E9287A10B1003D3653 /* Sources */,
				E1A3A6EA287A10B1003D3653 /* Frameworks */,
				E1A3A6EB287A10B1003D3653 /* Resources */,
			);
			buildRules = (
			);
			dependencies = (
			);
			name = ShoopMVVM;
			productName = ShoopMVVM;
			productReference = E1A3A6ED287A10B1003D3653 /* ShoopMVVM.app */;
			productType = "com.apple.product-type.application";
		};
		E1A3A702287A10B3003D3653 /* ShoopMVVMTests */ = {
			isa = PBXNativeTarget;
			buildConfigurationList = E1A3A71A287A10B4003D3653 /* Build configuration list for PBXNativeTarget "ShoopMVVMTests" */;
			buildPhases = (
				E1A3A6FF287A10B3003D3653 /* Sources */,
				E1A3A700287A10B3003D3653 /* Frameworks */,
				E1A3A701287A10B3003D3653 /* Resources */,
			);
			buildRules = (
			);
			dependencies = (
				E1A3A705287A10B3003D3653 /* PBXTargetDependency */,
			);
			name = ShoopMVVMTests;
			productName = ShoopMVVMTests;
			productReference = E1A3A703287A10B3003D3653 /* ShoopMVVMTests.xctest */;
			productType = "com.apple.product-type.bundle.unit-test";
		};
		E1A3A70C287A10B4003D3653 /* ShoopMVVMUITests */ = {
			isa = PBXNativeTarget;
			buildConfigurationList = E1A3A71D287A10B4003D3653 /* Build configuration list for PBXNativeTarget "ShoopMVVMUITests" */;
			buildPhases = (
				E1A3A709287A10B4003D3653 /* Sources */,
				E1A3A70A287A10B4003D3653 /* Frameworks */,
				E1A3A70B287A10B4003D3653 /* Resources */,
			);
			buildRules = (
			);
			dependencies = (
				E1A3A70F287A10B4003D3653 /* PBXTargetDependency */,
			);
			name = ShoopMVVMUITests;
			productName = ShoopMVVMUITests;
			productReference = E1A3A70D287A10B4003D3653 /* ShoopMVVMUITests.xctest */;
			productType = "com.apple.product-type.bundle.ui-testing";
		};
/* End PBXNativeTarget section */

/* Begin PBXProject section */
		E1A3A6E5287A10B1003D3653 /* Project object */ = {
			isa = PBXProject;
			attributes = {
				BuildIndependentTargetsInParallel = 1;
				LastSwiftUpdateCheck = 1330;
				LastUpgradeCheck = 1330;
				TargetAttributes = {
					E1A3A6EC287A10B1003D3653 = {
						CreatedOnToolsVersion = 13.3.1;
					};
					E1A3A702287A10B3003D3653 = {
						CreatedOnToolsVersion = 13.3.1;
						TestTargetID = E1A3A6EC287A10B1003D3653;
					};
					E1A3A70C287A10B4003D3653 = {
						CreatedOnToolsVersion = 13.3.1;
						TestTargetID = E1A3A6EC287A10B1003D3653;
					};
				};
			};
			buildConfigurationList = E1A3A6E8287A10B1003D3653 /* Build configuration list for PBXProject "ShoopMVVM" */;
			compatibilityVersion = "Xcode 13.0";
			developmentRegion = en;
			hasScannedForEncodings = 0;
			knownRegions = (
				en,
				Base,
			);
			mainGroup = E1A3A6E4287A10B1003D3653;
			productRefGroup = E1A3A6EE287A10B1003D3653 /* Products */;
			projectDirPath = "";
			projectRoot = "";
			targets = (
				E1A3A6EC287A10B1003D3653 /* ShoopMVVM */,
				E1A3A702287A10B3003D3653 /* ShoopMVVMTests */,
				E1A3A70C287A10B4003D3653 /* ShoopMVVMUITests */,
			);
		};
/* End PBXProject section */

/* Begin PBXResourcesBuildPhase section */
		E1A3A6EB287A10B1003D3653 /* Resources */ = {
			isa = PBXResourcesBuildPhase;
			buildActionMask = 2147483647;
			files = (
				E1A0F5ED287AE21C0036906C /* Main.storyboard in Resources */,
				E1A0F5EF287AFE890036906C /* landmarkData.json in Resources */,
				E1A3A6FD287A10B3003D3653 /* LaunchScreen.storyboard in Resources */,
				E1A3A6FA287A10B3003D3653 /* Assets.xcassets in Resources */,
			);
			runOnlyForDeploymentPostprocessing = 0;
		};
		E1A3A701287A10B3003D3653 /* Resources */ = {
			isa = PBXResourcesBuildPhase;
			buildActionMask = 2147483647;
			files = (
			);
			runOnlyForDeploymentPostprocessing = 0;
		};
		E1A3A70B287A10B4003D3653 /* Resources */ = {
			isa = PBXResourcesBuildPhase;
			buildActionMask = 2147483647;
			files = (
			);
			runOnlyForDeploymentPostprocessing = 0;
		};
/* End PBXResourcesBuildPhase section */

/* Begin PBXSourcesBuildPhase section */
		E1A3A6E9287A10B1003D3653 /* Sources */ = {
			isa = PBXSourcesBuildPhase;
			buildActionMask = 2147483647;
			files = (
				E1B76C47287A30ED000FE420 /* ViewController.swift in Sources */,
				E1A3A759287A1160003D3653 /* Endpoint.swift in Sources */,
				E1A3A757287A1160003D3653 /* DataTransferService.swift in Sources */,
				E1A3A771287A138A003D3653 /* UIImageView+ImageSizeAfterAspectFit.swift in Sources */,
				E1A3A76F287A138A003D3653 /* UIViewController+AddBehaviors.swift in Sources */,
				E1A3A753287A1160003D3653 /* AppDIContainer.swift in Sources */,
				E1A3A776287A138A003D3653 /* UseCase.swift in Sources */,
				E1A3A775287A138A003D3653 /* LoadingView.swift in Sources */,
				E1A3A74F287A1160003D3653 /* AppFlowCoordinator.swift in Sources */,
				E1A3A777287A138A003D3653 /* RepositoryTask.swift in Sources */,
				E1A0F5F7287B09FC0036906C /* LandMarkListView.swift in Sources */,
				E1A3A76C287A138A003D3653 /* CGSize+ScaledSize.swift in Sources */,
				E1A3A752287A1160003D3653 /* MoviesSceneDIContainer.swift in Sources */,
				E1A0F5F1287B071F0036906C /* ModelData.swift in Sources */,
				E1A3A773287A138A003D3653 /* Alertable.swift in Sources */,
				E1B76C45287A2E36000FE420 /* SceneDelegate.swift in Sources */,
				E1A3A774287A138A003D3653 /* StoryboardInstantiable.swift in Sources */,
				E1A3A782287A20AE003D3653 /* LoginSceneDIContainer.swift in Sources */,
				E1A3A755287A1160003D3653 /* Cancelable.swift in Sources */,
				E1A3A754287A1160003D3653 /* AppDelegate.swift in Sources */,
				E1A0F5F3287B072C0036906C /* Landmark.swift in Sources */,
				E1A0F5F5287B07D80036906C /* LandmarkRowView.swift in Sources */,
				E1A3A772287A138A003D3653 /* Observable.swift in Sources */,
				E1A3A76E287A138A003D3653 /* DataTransferError+ConnectionError.swift in Sources */,
				E1A3A751287A1160003D3653 /* AppConfigurations.swift in Sources */,
				E1A3A76B287A138A003D3653 /* AccessibilityIdentifier.swift in Sources */,
				E1A0F5F9287B0B890036906C /* LandMarkDetailsView.swift in Sources */,
				E1A3A75A287A1160003D3653 /* NetworkConfig.swift in Sources */,
				E1A3A780287A2054003D3653 /* LoginView.swift in Sources */,
				E1A3A750287A1160003D3653 /* AppAppearance.swift in Sources */,
				E1A3A758287A1160003D3653 /* NetworkService.swift in Sources */,
				E1A3A756287A1160003D3653 /* ConnectionError.swift in Sources */,
				E1A3A76D287A138A003D3653 /* UIViewController+AddChild.swift in Sources */,
				E1A3A786287A2174003D3653 /* LoginFlowCoordinator.swift in Sources */,
				E1A3A770287A138A003D3653 /* UIViewController+ActivityIndicator.swift in Sources */,
			);
			runOnlyForDeploymentPostprocessing = 0;
		};
		E1A3A6FF287A10B3003D3653 /* Sources */ = {
			isa = PBXSourcesBuildPhase;
			buildActionMask = 2147483647;
			files = (
				E1A3A708287A10B3003D3653 /* ShoopMVVMTests.swift in Sources */,
			);
			runOnlyForDeploymentPostprocessing = 0;
		};
		E1A3A709287A10B4003D3653 /* Sources */ = {
			isa = PBXSourcesBuildPhase;
			buildActionMask = 2147483647;
			files = (
				E1A3A714287A10B4003D3653 /* ShoopMVVMUITestsLaunchTests.swift in Sources */,
				E1A3A712287A10B4003D3653 /* ShoopMVVMUITests.swift in Sources */,
			);
			runOnlyForDeploymentPostprocessing = 0;
		};
/* End PBXSourcesBuildPhase section */

/* Begin PBXTargetDependency section */
		E1A3A705287A10B3003D3653 /* PBXTargetDependency */ = {
			isa = PBXTargetDependency;
			target = E1A3A6EC287A10B1003D3653 /* ShoopMVVM */;
			targetProxy = E1A3A704287A10B3003D3653 /* PBXContainerItemProxy */;
		};
		E1A3A70F287A10B4003D3653 /* PBXTargetDependency */ = {
			isa = PBXTargetDependency;
			target = E1A3A6EC287A10B1003D3653 /* ShoopMVVM */;
			targetProxy = E1A3A70E287A10B4003D3653 /* PBXContainerItemProxy */;
		};
/* End PBXTargetDependency section */

/* Begin PBXVariantGroup section */
		E1A3A6FB287A10B3003D3653 /* LaunchScreen.storyboard */ = {
			isa = PBXVariantGroup;
			children = (
				E1A3A6FC287A10B3003D3653 /* Base */,
			);
			name = LaunchScreen.storyboard;
			sourceTree = "<group>";
		};
/* End PBXVariantGroup section */

/* Begin XCBuildConfiguration section */
		E1A3A715287A10B4003D3653 /* Debug */ = {
			isa = XCBuildConfiguration;
			buildSettings = {
				ALWAYS_SEARCH_USER_PATHS = NO;
				CLANG_ANALYZER_NONNULL = YES;
				CLANG_ANALYZER_NUMBER_OBJECT_CONVERSION = YES_AGGRESSIVE;
				CLANG_CXX_LANGUAGE_STANDARD = "gnu++17";
				CLANG_ENABLE_MODULES = YES;
				CLANG_ENABLE_OBJC_ARC = YES;
				CLANG_ENABLE_OBJC_WEAK = YES;
				CLANG_WARN_BLOCK_CAPTURE_AUTORELEASING = YES;
				CLANG_WARN_BOOL_CONVERSION = YES;
				CLANG_WARN_COMMA = YES;
				CLANG_WARN_CONSTANT_CONVERSION = YES;
				CLANG_WARN_DEPRECATED_OBJC_IMPLEMENTATIONS = YES;
				CLANG_WARN_DIRECT_OBJC_ISA_USAGE = YES_ERROR;
				CLANG_WARN_DOCUMENTATION_COMMENTS = YES;
				CLANG_WARN_EMPTY_BODY = YES;
				CLANG_WARN_ENUM_CONVERSION = YES;
				CLANG_WARN_INFINITE_RECURSION = YES;
				CLANG_WARN_INT_CONVERSION = YES;
				CLANG_WARN_NON_LITERAL_NULL_CONVERSION = YES;
				CLANG_WARN_OBJC_IMPLICIT_RETAIN_SELF = YES;
				CLANG_WARN_OBJC_LITERAL_CONVERSION = YES;
				CLANG_WARN_OBJC_ROOT_CLASS = YES_ERROR;
				CLANG_WARN_QUOTED_INCLUDE_IN_FRAMEWORK_HEADER = YES;
				CLANG_WARN_RANGE_LOOP_ANALYSIS = YES;
				CLANG_WARN_STRICT_PROTOTYPES = YES;
				CLANG_WARN_SUSPICIOUS_MOVE = YES;
				CLANG_WARN_UNGUARDED_AVAILABILITY = YES_AGGRESSIVE;
				CLANG_WARN_UNREACHABLE_CODE = YES;
				CLANG_WARN__DUPLICATE_METHOD_MATCH = YES;
				COPY_PHASE_STRIP = NO;
				DEBUG_INFORMATION_FORMAT = dwarf;
				ENABLE_STRICT_OBJC_MSGSEND = YES;
				ENABLE_TESTABILITY = YES;
				GCC_C_LANGUAGE_STANDARD = gnu11;
				GCC_DYNAMIC_NO_PIC = NO;
				GCC_NO_COMMON_BLOCKS = YES;
				GCC_OPTIMIZATION_LEVEL = 0;
				GCC_PREPROCESSOR_DEFINITIONS = (
					"DEBUG=1",
					"$(inherited)",
				);
				GCC_WARN_64_TO_32_BIT_CONVERSION = YES;
				GCC_WARN_ABOUT_RETURN_TYPE = YES_ERROR;
				GCC_WARN_UNDECLARED_SELECTOR = YES;
				GCC_WARN_UNINITIALIZED_AUTOS = YES_AGGRESSIVE;
				GCC_WARN_UNUSED_FUNCTION = YES;
				GCC_WARN_UNUSED_VARIABLE = YES;
				IPHONEOS_DEPLOYMENT_TARGET = 15.4;
				MTL_ENABLE_DEBUG_INFO = INCLUDE_SOURCE;
				MTL_FAST_MATH = YES;
				ONLY_ACTIVE_ARCH = YES;
				SDKROOT = iphoneos;
				SWIFT_ACTIVE_COMPILATION_CONDITIONS = DEBUG;
				SWIFT_OPTIMIZATION_LEVEL = "-Onone";
			};
			name = Debug;
		};
		E1A3A716287A10B4003D3653 /* Release */ = {
			isa = XCBuildConfiguration;
			buildSettings = {
				ALWAYS_SEARCH_USER_PATHS = NO;
				CLANG_ANALYZER_NONNULL = YES;
				CLANG_ANALYZER_NUMBER_OBJECT_CONVERSION = YES_AGGRESSIVE;
				CLANG_CXX_LANGUAGE_STANDARD = "gnu++17";
				CLANG_ENABLE_MODULES = YES;
				CLANG_ENABLE_OBJC_ARC = YES;
				CLANG_ENABLE_OBJC_WEAK = YES;
				CLANG_WARN_BLOCK_CAPTURE_AUTORELEASING = YES;
				CLANG_WARN_BOOL_CONVERSION = YES;
				CLANG_WARN_COMMA = YES;
				CLANG_WARN_CONSTANT_CONVERSION = YES;
				CLANG_WARN_DEPRECATED_OBJC_IMPLEMENTATIONS = YES;
				CLANG_WARN_DIRECT_OBJC_ISA_USAGE = YES_ERROR;
				CLANG_WARN_DOCUMENTATION_COMMENTS = YES;
				CLANG_WARN_EMPTY_BODY = YES;
				CLANG_WARN_ENUM_CONVERSION = YES;
				CLANG_WARN_INFINITE_RECURSION = YES;
				CLANG_WARN_INT_CONVERSION = YES;
				CLANG_WARN_NON_LITERAL_NULL_CONVERSION = YES;
				CLANG_WARN_OBJC_IMPLICIT_RETAIN_SELF = YES;
				CLANG_WARN_OBJC_LITERAL_CONVERSION = YES;
				CLANG_WARN_OBJC_ROOT_CLASS = YES_ERROR;
				CLANG_WARN_QUOTED_INCLUDE_IN_FRAMEWORK_HEADER = YES;
				CLANG_WARN_RANGE_LOOP_ANALYSIS = YES;
				CLANG_WARN_STRICT_PROTOTYPES = YES;
				CLANG_WARN_SUSPICIOUS_MOVE = YES;
				CLANG_WARN_UNGUARDED_AVAILABILITY = YES_AGGRESSIVE;
				CLANG_WARN_UNREACHABLE_CODE = YES;
				CLANG_WARN__DUPLICATE_METHOD_MATCH = YES;
				COPY_PHASE_STRIP = NO;
				DEBUG_INFORMATION_FORMAT = "dwarf-with-dsym";
				ENABLE_NS_ASSERTIONS = NO;
				ENABLE_STRICT_OBJC_MSGSEND = YES;
				GCC_C_LANGUAGE_STANDARD = gnu11;
				GCC_NO_COMMON_BLOCKS = YES;
				GCC_WARN_64_TO_32_BIT_CONVERSION = YES;
				GCC_WARN_ABOUT_RETURN_TYPE = YES_ERROR;
				GCC_WARN_UNDECLARED_SELECTOR = YES;
				GCC_WARN_UNINITIALIZED_AUTOS = YES_AGGRESSIVE;
				GCC_WARN_UNUSED_FUNCTION = YES;
				GCC_WARN_UNUSED_VARIABLE = YES;
				IPHONEOS_DEPLOYMENT_TARGET = 15.4;
				MTL_ENABLE_DEBUG_INFO = NO;
				MTL_FAST_MATH = YES;
				SDKROOT = iphoneos;
				SWIFT_COMPILATION_MODE = wholemodule;
				SWIFT_OPTIMIZATION_LEVEL = "-O";
				VALIDATE_PRODUCT = YES;
			};
			name = Release;
		};
		E1A3A718287A10B4003D3653 /* Debug */ = {
			isa = XCBuildConfiguration;
			buildSettings = {
				ASSETCATALOG_COMPILER_APPICON_NAME = AppIcon;
				ASSETCATALOG_COMPILER_GLOBAL_ACCENT_COLOR_NAME = AccentColor;
				CODE_SIGN_STYLE = Automatic;
				CURRENT_PROJECT_VERSION = 1;
				GENERATE_INFOPLIST_FILE = YES;
				INFOPLIST_FILE = "";
				INFOPLIST_KEY_UIApplicationSupportsIndirectInputEvents = YES;
				INFOPLIST_KEY_UILaunchStoryboardName = LaunchScreen;
				INFOPLIST_KEY_UISupportedInterfaceOrientations_iPad = "UIInterfaceOrientationPortrait UIInterfaceOrientationPortraitUpsideDown UIInterfaceOrientationLandscapeLeft UIInterfaceOrientationLandscapeRight";
				INFOPLIST_KEY_UISupportedInterfaceOrientations_iPhone = "UIInterfaceOrientationPortrait UIInterfaceOrientationLandscapeLeft UIInterfaceOrientationLandscapeRight";
				IPHONEOS_DEPLOYMENT_TARGET = 15.4;
				LD_RUNPATH_SEARCH_PATHS = (
					"$(inherited)",
					"@executable_path/Frameworks",
				);
				MARKETING_VERSION = 1.0;
				PRODUCT_BUNDLE_IDENTIFIER = com.shoop.ShoopMVVM;
				PRODUCT_NAME = "$(TARGET_NAME)";
				SWIFT_EMIT_LOC_STRINGS = YES;
				SWIFT_VERSION = 5.0;
				TARGETED_DEVICE_FAMILY = "1,2";
			};
			name = Debug;
		};
		E1A3A719287A10B4003D3653 /* Release */ = {
			isa = XCBuildConfiguration;
			buildSettings = {
				ASSETCATALOG_COMPILER_APPICON_NAME = AppIcon;
				ASSETCATALOG_COMPILER_GLOBAL_ACCENT_COLOR_NAME = AccentColor;
				CODE_SIGN_STYLE = Automatic;
				CURRENT_PROJECT_VERSION = 1;
				GENERATE_INFOPLIST_FILE = YES;
				INFOPLIST_FILE = "";
				INFOPLIST_KEY_UIApplicationSupportsIndirectInputEvents = YES;
				INFOPLIST_KEY_UILaunchStoryboardName = LaunchScreen;
				INFOPLIST_KEY_UISupportedInterfaceOrientations_iPad = "UIInterfaceOrientationPortrait UIInterfaceOrientationPortraitUpsideDown UIInterfaceOrientationLandscapeLeft UIInterfaceOrientationLandscapeRight";
				INFOPLIST_KEY_UISupportedInterfaceOrientations_iPhone = "UIInterfaceOrientationPortrait UIInterfaceOrientationLandscapeLeft UIInterfaceOrientationLandscapeRight";
				IPHONEOS_DEPLOYMENT_TARGET = 15.4;
				LD_RUNPATH_SEARCH_PATHS = (
					"$(inherited)",
					"@executable_path/Frameworks",
				);
				MARKETING_VERSION = 1.0;
				PRODUCT_BUNDLE_IDENTIFIER = com.shoop.ShoopMVVM;
				PRODUCT_NAME = "$(TARGET_NAME)";
				SWIFT_EMIT_LOC_STRINGS = YES;
				SWIFT_VERSION = 5.0;
				TARGETED_DEVICE_FAMILY = "1,2";
			};
			name = Release;
		};
		E1A3A71B287A10B4003D3653 /* Debug */ = {
			isa = XCBuildConfiguration;
			buildSettings = {
				ALWAYS_EMBED_SWIFT_STANDARD_LIBRARIES = YES;
				BUNDLE_LOADER = "$(TEST_HOST)";
				CODE_SIGN_STYLE = Automatic;
				CURRENT_PROJECT_VERSION = 1;
				GENERATE_INFOPLIST_FILE = YES;
				IPHONEOS_DEPLOYMENT_TARGET = 15.4;
				MARKETING_VERSION = 1.0;
				PRODUCT_BUNDLE_IDENTIFIER = com.shoop.ShoopMVVMTests;
				PRODUCT_NAME = "$(TARGET_NAME)";
				SWIFT_EMIT_LOC_STRINGS = NO;
				SWIFT_VERSION = 5.0;
				TARGETED_DEVICE_FAMILY = "1,2";
				TEST_HOST = "$(BUILT_PRODUCTS_DIR)/ShoopMVVM.app/ShoopMVVM";
			};
			name = Debug;
		};
		E1A3A71C287A10B4003D3653 /* Release */ = {
			isa = XCBuildConfiguration;
			buildSettings = {
				ALWAYS_EMBED_SWIFT_STANDARD_LIBRARIES = YES;
				BUNDLE_LOADER = "$(TEST_HOST)";
				CODE_SIGN_STYLE = Automatic;
				CURRENT_PROJECT_VERSION = 1;
				GENERATE_INFOPLIST_FILE = YES;
				IPHONEOS_DEPLOYMENT_TARGET = 15.4;
				MARKETING_VERSION = 1.0;
				PRODUCT_BUNDLE_IDENTIFIER = com.shoop.ShoopMVVMTests;
				PRODUCT_NAME = "$(TARGET_NAME)";
				SWIFT_EMIT_LOC_STRINGS = NO;
				SWIFT_VERSION = 5.0;
				TARGETED_DEVICE_FAMILY = "1,2";
				TEST_HOST = "$(BUILT_PRODUCTS_DIR)/ShoopMVVM.app/ShoopMVVM";
			};
			name = Release;
		};
		E1A3A71E287A10B4003D3653 /* Debug */ = {
			isa = XCBuildConfiguration;
			buildSettings = {
				ALWAYS_EMBED_SWIFT_STANDARD_LIBRARIES = YES;
				CODE_SIGN_STYLE = Automatic;
				CURRENT_PROJECT_VERSION = 1;
				GENERATE_INFOPLIST_FILE = YES;
				MARKETING_VERSION = 1.0;
				PRODUCT_BUNDLE_IDENTIFIER = com.shoop.ShoopMVVMUITests;
				PRODUCT_NAME = "$(TARGET_NAME)";
				SWIFT_EMIT_LOC_STRINGS = NO;
				SWIFT_VERSION = 5.0;
				TARGETED_DEVICE_FAMILY = "1,2";
				TEST_TARGET_NAME = ShoopMVVM;
			};
			name = Debug;
		};
		E1A3A71F287A10B4003D3653 /* Release */ = {
			isa = XCBuildConfiguration;
			buildSettings = {
				ALWAYS_EMBED_SWIFT_STANDARD_LIBRARIES = YES;
				CODE_SIGN_STYLE = Automatic;
				CURRENT_PROJECT_VERSION = 1;
				GENERATE_INFOPLIST_FILE = YES;
				MARKETING_VERSION = 1.0;
				PRODUCT_BUNDLE_IDENTIFIER = com.shoop.ShoopMVVMUITests;
				PRODUCT_NAME = "$(TARGET_NAME)";
				SWIFT_EMIT_LOC_STRINGS = NO;
				SWIFT_VERSION = 5.0;
				TARGETED_DEVICE_FAMILY = "1,2";
				TEST_TARGET_NAME = ShoopMVVM;
			};
			name = Release;
		};
/* End XCBuildConfiguration section */

/* Begin XCConfigurationList section */
		E1A3A6E8287A10B1003D3653 /* Build configuration list for PBXProject "ShoopMVVM" */ = {
			isa = XCConfigurationList;
			buildConfigurations = (
				E1A3A715287A10B4003D3653 /* Debug */,
				E1A3A716287A10B4003D3653 /* Release */,
			);
			defaultConfigurationIsVisible = 0;
			defaultConfigurationName = Release;
		};
		E1A3A717287A10B4003D3653 /* Build configuration list for PBXNativeTarget "ShoopMVVM" */ = {
			isa = XCConfigurationList;
			buildConfigurations = (
				E1A3A718287A10B4003D3653 /* Debug */,
				E1A3A719287A10B4003D3653 /* Release */,
			);
			defaultConfigurationIsVisible = 0;
			defaultConfigurationName = Release;
		};
		E1A3A71A287A10B4003D3653 /* Build configuration list for PBXNativeTarget "ShoopMVVMTests" */ = {
			isa = XCConfigurationList;
			buildConfigurations = (
				E1A3A71B287A10B4003D3653 /* Debug */,
				E1A3A71C287A10B4003D3653 /* Release */,
			);
			defaultConfigurationIsVisible = 0;
			defaultConfigurationName = Release;
		};
		E1A3A71D287A10B4003D3653 /* Build configuration list for PBXNativeTarget "ShoopMVVMUITests" */ = {
			isa = XCConfigurationList;
			buildConfigurations = (
				E1A3A71E287A10B4003D3653 /* Debug */,
				E1A3A71F287A10B4003D3653 /* Release */,
			);
			defaultConfigurationIsVisible = 0;
			defaultConfigurationName = Release;
		};
/* End XCConfigurationList section */
	};
	rootObject = E1A3A6E5287A10B1003D3653 /* Project object */;
}
